PODS:
  - GoogleMaps (3.7.0):
    - GoogleMaps/Maps (= 3.7.0)
  - GoogleMaps/Base (3.7.0)
  - GoogleMaps/Maps (3.7.0):
    - GoogleMaps/Base
  - Mapbox-iOS-SDK (5.5.0)
  - MultiPlatformLibrary (0.1.0)

DEPENDENCIES:
  - GoogleMaps (= 3.7.0)
  - Mapbox-iOS-SDK (= 5.5.0)
  - MultiPlatformLibrary (from `../mpp-library`)

SPEC REPOS:
  trunk:
    - GoogleMaps
    - Mapbox-iOS-SDK

EXTERNAL SOURCES:
  MultiPlatformLibrary:
    :path: "../mpp-library"

SPEC CHECKSUMS:
  GoogleMaps: 55da829c68aa931f3ae982b9e341cc2f3d89c587
  Mapbox-iOS-SDK: 7fa66a27e586acb14c7f32ec5a487343e3994451
  MultiPlatformLibrary: c128d061006bf7f21db57f8cae56c00e67af0392

PODFILE CHECKSUM: b8f613b8253654f64830d3b051854f99ca5ba993

COCOAPODS: 1.8.4
