PODS:
  - GoogleMaps (3.7.0):
    - GoogleMaps/Maps (= 3.7.0)
  - GoogleMaps/Base (3.7.0)
  - GoogleMaps/Maps (3.7.0):
    - GoogleMaps/Base
  - Mapbox-iOS-SDK (5.5.0)
  - MultiPlatformLibrary (0.1.0):
    - GoogleMaps (= 3.7.0)

DEPENDENCIES:
  - Mapbox-iOS-SDK
  - MultiPlatformLibrary (from `../mpp-library`)

SPEC REPOS:
  https://github.com/CocoaPods/Specs.git:
    - GoogleMaps
    - Mapbox-iOS-SDK

EXTERNAL SOURCES:
  MultiPlatformLibrary:
    :path: "../mpp-library"

SPEC CHECKSUMS:
  GoogleMaps: 55da829c68aa931f3ae982b9e341cc2f3d89c587
  Mapbox-iOS-SDK: 7fa66a27e586acb14c7f32ec5a487343e3994451
  MultiPlatformLibrary: 0ad607f1ba8fc2e846d6b89936e5bbfb7e14bd17

PODFILE CHECKSUM: 43703b5e33eee1fe2b6fb8a2bf7c1037d240e31d

COCOAPODS: 1.8.4
