PODS:
  - GoogleMaps (3.7.0):
    - GoogleMaps/Maps (= 3.7.0)
  - GoogleMaps/Base (3.7.0)
  - GoogleMaps/Maps (3.7.0):
    - GoogleMaps/Base
  - MultiPlatformLibrary (0.1.0)

DEPENDENCIES:
  - GoogleMaps (= 3.7.0)
  - MultiPlatformLibrary (from `../mpp-library`)

SPEC REPOS:
  https://github.com/CocoaPods/Specs.git:
    - GoogleMaps

EXTERNAL SOURCES:
  MultiPlatformLibrary:
    :path: "../mpp-library"

SPEC CHECKSUMS:
  GoogleMaps: 55da829c68aa931f3ae982b9e341cc2f3d89c587
  MultiPlatformLibrary: cd722dcacda18e0f3b888e477d2bf1743af85ee1

PODFILE CHECKSUM: 316495926400268a5084a5acd5208922ffc23f8a

COCOAPODS: 1.8.3
